
Microsoft Visual Studio Solution File, Format Version 12.00
# Visual Studio Version 17
VisualStudioVersion = 17.14.36717.8
MinimumVisualStudioVersion = 10.0.40219.1
Project("{FAE04EC0-301F-11D3-BF4B-00C04F79EFBC}") = "MY CALCULATOR", "MY CALCULATOR.csproj", "{43064777-0E96-4D24-84C2-6522B32083CC}"
EndProject
Global
	GlobalSection(SolutionConfigurationPlatforms) = preSolution
		Debug|Any CPU = Debug|Any CPU
		Release|Any CPU = Release|Any CPU
	EndGlobalSection
	GlobalSection(ProjectConfigurationPlatforms) = postSolution
		{43064777-0E96-4D24-84C2-6522B32083CC}.Debug|Any CPU.ActiveCfg = Debug|Any CPU
		{43064777-0E96-4D24-84C2-6522B32083CC}.Debug|Any CPU.Build.0 = Debug|Any CPU
		{43064777-0E96-4D24-84C2-6522B32083CC}.Release|Any CPU.ActiveCfg = Release|Any CPU
		{43064777-0E96-4D24-84C2-6522B32083CC}.Release|Any CPU.Build.0 = Release|Any CPU
	EndGlobalSection
	GlobalSection(SolutionProperties) = preSolution
		HideSolutionNode = FALSE
	EndGlobalSection
	GlobalSection(ExtensibilityGlobals) = postSolution
		SolutionGuid = {47E911CB-2B61-415E-9C7C-5C1E436942AD}
	EndGlobalSection
EndGlobal
